
Microsoft Visual Studio Solution File, Format Version 12.00
# Visual Studio Version 17
VisualStudioVersion = 17.12.35527.113
MinimumVisualStudioVersion = 10.0.40219.1
Project("{8BC9CEB8-8B4A-11D0-8D11-00A0C91BC942}") = "BasicTutorial_1", "BasicTutorial_1\BasicTutorial_1.vcxproj", "{48D391BD-ECF4-424F-86E8-A0C087995606}"
EndProject
Project("{8BC9CEB8-8B4A-11D0-8D11-00A0C91BC942}") = "BasicTutorial_2", "BasicTutorial_2\BasicTutorial_2.vcxproj", "{521741B6-5684-460C-AA77-E84E8461B467}"
EndProject
Project("{8BC9CEB8-8B4A-11D0-8D11-00A0C91BC942}") = "BasicTutorial_3", "BasicTutorial_3\BasicTutorial_3.vcxproj", "{4097AC27-B554-42A2-96D2-3F7AB0CEED5D}"
EndProject
Project("{8BC9CEB8-8B4A-11D0-8D11-00A0C91BC942}") = "BasicTutorial_4", "BasicTutorial_4\BasicTutorial_4.vcxproj", "{FFE988E4-3932-4F6F-B33A-3E01BAA4672F}"
EndProject
Global
	GlobalSection(SolutionConfigurationPlatforms) = preSolution
		Debug|x64 = Debug|x64
		Debug|x86 = Debug|x86
		Release|x64 = Release|x64
		Release|x86 = Release|x86
	EndGlobalSection
	GlobalSection(ProjectConfigurationPlatforms) = postSolution
		{48D391BD-ECF4-424F-86E8-A0C087995606}.Debug|x64.ActiveCfg = Debug|x64
		{48D391BD-ECF4-424F-86E8-A0C087995606}.Debug|x64.Build.0 = Debug|x64
		{48D391BD-ECF4-424F-86E8-A0C087995606}.Debug|x86.ActiveCfg = Debug|Win32
		{48D391BD-ECF4-424F-86E8-A0C087995606}.Debug|x86.Build.0 = Debug|Win32
		{48D391BD-ECF4-424F-86E8-A0C087995606}.Release|x64.ActiveCfg = Release|x64
		{48D391BD-ECF4-424F-86E8-A0C087995606}.Release|x64.Build.0 = Release|x64
		{48D391BD-ECF4-424F-86E8-A0C087995606}.Release|x86.ActiveCfg = Release|Win32
		{48D391BD-ECF4-424F-86E8-A0C087995606}.Release|x86.Build.0 = Release|Win32
		{521741B6-5684-460C-AA77-E84E8461B467}.Debug|x64.ActiveCfg = Debug|x64
		{521741B6-5684-460C-AA77-E84E8461B467}.Debug|x64.Build.0 = Debug|x64
		{521741B6-5684-460C-AA77-E84E8461B467}.Debug|x86.ActiveCfg = Debug|Win32
		{521741B6-5684-460C-AA77-E84E8461B467}.Debug|x86.Build.0 = Debug|Win32
		{521741B6-5684-460C-AA77-E84E8461B467}.Release|x64.ActiveCfg = Release|x64
		{521741B6-5684-460C-AA77-E84E8461B467}.Release|x64.Build.0 = Release|x64
		{521741B6-5684-460C-AA77-E84E8461B467}.Release|x86.ActiveCfg = Release|Win32
		{521741B6-5684-460C-AA77-E84E8461B467}.Release|x86.Build.0 = Release|Win32
		{4097AC27-B554-42A2-96D2-3F7AB0CEED5D}.Debug|x64.ActiveCfg = Debug|x64
		{4097AC27-B554-42A2-96D2-3F7AB0CEED5D}.Debug|x64.Build.0 = Debug|x64
		{4097AC27-B554-42A2-96D2-3F7AB0CEED5D}.Debug|x86.ActiveCfg = Debug|Win32
		{4097AC27-B554-42A2-96D2-3F7AB0CEED5D}.Debug|x86.Build.0 = Debug|Win32
		{4097AC27-B554-42A2-96D2-3F7AB0CEED5D}.Release|x64.ActiveCfg = Release|x64
		{4097AC27-B554-42A2-96D2-3F7AB0CEED5D}.Release|x64.Build.0 = Release|x64
		{4097AC27-B554-42A2-96D2-3F7AB0CEED5D}.Release|x86.ActiveCfg = Release|Win32
		{4097AC27-B554-42A2-96D2-3F7AB0CEED5D}.Release|x86.Build.0 = Release|Win32
		{FFE988E4-3932-4F6F-B33A-3E01BAA4672F}.Debug|x64.ActiveCfg = Debug|x64
		{FFE988E4-3932-4F6F-B33A-3E01BAA4672F}.Debug|x64.Build.0 = Debug|x64
		{FFE988E4-3932-4F6F-B33A-3E01BAA4672F}.Debug|x86.ActiveCfg = Debug|Win32
		{FFE988E4-3932-4F6F-B33A-3E01BAA4672F}.Debug|x86.Build.0 = Debug|Win32
		{FFE988E4-3932-4F6F-B33A-3E01BAA4672F}.Release|x64.ActiveCfg = Release|x64
		{FFE988E4-3932-4F6F-B33A-3E01BAA4672F}.Release|x64.Build.0 = Release|x64
		{FFE988E4-3932-4F6F-B33A-3E01BAA4672F}.Release|x86.ActiveCfg = Release|Win32
		{FFE988E4-3932-4F6F-B33A-3E01BAA4672F}.Release|x86.Build.0 = Release|Win32
	EndGlobalSection
	GlobalSection(SolutionProperties) = preSolution
		HideSolutionNode = FALSE
	EndGlobalSection
EndGlobal
